
Microsoft Visual Studio Solution File, Format Version 12.00
# Visual Studio 2012
Project("{FAE04EC0-301F-11D3-BF4B-00C04F79EFBC}") = "Mars.Rover.Puzzle", "Mars.Rover.Puzzle\Mars.Rover.Puzzle.csproj", "{B53CE4AE-BAA3-4290-9AFE-CEC5D26AF6CE}"
EndProject
Global
	GlobalSection(SolutionConfigurationPlatforms) = preSolution
		Debug|x86 = Debug|x86
		Release|x86 = Release|x86
	EndGlobalSection
	GlobalSection(ProjectConfigurationPlatforms) = postSolution
		{B53CE4AE-BAA3-4290-9AFE-CEC5D26AF6CE}.Debug|x86.ActiveCfg = Debug|x86
		{B53CE4AE-BAA3-4290-9AFE-CEC5D26AF6CE}.Debug|x86.Build.0 = Debug|x86
		{B53CE4AE-BAA3-4290-9AFE-CEC5D26AF6CE}.Release|x86.ActiveCfg = Release|x86
		{B53CE4AE-BAA3-4290-9AFE-CEC5D26AF6CE}.Release|x86.Build.0 = Release|x86
	EndGlobalSection
EndGlobal
